
Microsoft Visual Studio Solution File, Format Version 12.00
# Visual Studio 15
VisualStudioVersion = 15.0.26430.13
MinimumVisualStudioVersion = 10.0.40219.1
Project("{FAE04EC0-301F-11D3-BF4B-00C04F79EFBC}") = "Bike2Ride.WebClient", "Bike2Ride.WebClient\Bike2Ride.WebClient.csproj", "{B52CD2C3-B194-45F5-9B85-F30D96A6A2F1}"
EndProject
Project("{FAE04EC0-301F-11D3-BF4B-00C04F79EFBC}") = "Bike2Ride.WebClient.Tests", "Bike2Ride.WebClient.Tests\Bike2Ride.WebClient.Tests.csproj", "{B3164467-4348-47CE-9F23-39CBEAD9B4C4}"
EndProject
Global
	GlobalSection(SolutionConfigurationPlatforms) = preSolution
		Debug|Any CPU = Debug|Any CPU
		Release|Any CPU = Release|Any CPU
	EndGlobalSection
	GlobalSection(ProjectConfigurationPlatforms) = postSolution
		{B52CD2C3-B194-45F5-9B85-F30D96A6A2F1}.Debug|Any CPU.ActiveCfg = Debug|Any CPU
		{B52CD2C3-B194-45F5-9B85-F30D96A6A2F1}.Debug|Any CPU.Build.0 = Debug|Any CPU
		{B52CD2C3-B194-45F5-9B85-F30D96A6A2F1}.Release|Any CPU.ActiveCfg = Release|Any CPU
		{B52CD2C3-B194-45F5-9B85-F30D96A6A2F1}.Release|Any CPU.Build.0 = Release|Any CPU
		{B3164467-4348-47CE-9F23-39CBEAD9B4C4}.Debug|Any CPU.ActiveCfg = Debug|Any CPU
		{B3164467-4348-47CE-9F23-39CBEAD9B4C4}.Debug|Any CPU.Build.0 = Debug|Any CPU
		{B3164467-4348-47CE-9F23-39CBEAD9B4C4}.Release|Any CPU.ActiveCfg = Release|Any CPU
		{B3164467-4348-47CE-9F23-39CBEAD9B4C4}.Release|Any CPU.Build.0 = Release|Any CPU
	EndGlobalSection
	GlobalSection(SolutionProperties) = preSolution
		HideSolutionNode = FALSE
	EndGlobalSection
EndGlobal
